# THIS IS AN AUTOGENERATED FILE. DO NOT EDIT THIS FILE DIRECTLY.
# yarn lockfile v1


long@^3.2.0:
  version "3.2.0"
  resolved "https://registry.yarnpkg.com/long/-/long-3.2.0.tgz#d821b7138ca1cb581c172990ef14db200b5c474b"

long@^4.0.0:
  version "4.0.0"
  resolved "https://registry.yarnpkg.com/long/-/long-4.0.0.tgz#9a7b71cfb7d361a194ea555241c92f7468d5bf28"

python-struct@^1.0.6:
  version "1.0.6"
  resolved "https://registry.yarnpkg.com/python-struct/-/python-struct-1.0.6.tgz#b5f75352c24defb3f275fd57ba21487746d2bbf9"
  dependencies:
    long "^3.2.0"
